FORGE
  remote: https://forgeapi.puppetlabs.com
  specs:
    OpenConceptConsulting-nslcd (0.2.0)
      puppetlabs-stdlib (>= 0)
    crayfishx-firewalld (3.2.0)
      puppetlabs-stdlib (< 5.0.0, >= 4.2.0)
    jlambert121-trusted_ca (1.1.0)
      puppetlabs-stdlib (< 5.0.0, >= 3.2.0)
    mthibaut-users (1.0.11)
      puppetlabs-stdlib (>= 0)
    puppetlabs-apt (2.3.0)
      puppetlabs-stdlib (< 5.0.0, >= 4.5.0)
    puppetlabs-concat (2.2.0)
      puppetlabs-stdlib (< 5.0.0, >= 4.2.0)
    puppetlabs-java_ks (1.4.1)
    puppetlabs-postgresql (4.8.0)
      puppetlabs-apt (< 3.0.0, >= 1.8.0)
      puppetlabs-concat (< 3.0.0, >= 1.1.0)
      puppetlabs-stdlib (~> 4.0)
    puppetlabs-stdlib (4.15.0)
    stahnma-epel (1.2.2)
      puppetlabs-stdlib (>= 3.0.0)

GIT
  remote: https://github.com/EuPathDB/puppet-ebrc_java.git
  ref: master
  sha: 5434fa8c13d2dc4987530b5d9e713f05b9d93841
  specs:
    ebrc-ebrc_java (0.1.0)

GIT
  remote: https://github.com/EuPathDB/puppet-ebrc_maven.git
  ref: master
  sha: 1a1e054e55ec51a1d82babb4f5d320b6b9a517d5
  specs:
    ebrc-ebrc_maven (0.1.0)

GIT
  remote: https://github.com/EuPathDB/puppet-ebrc_yum_repo.git
  ref: master
  sha: 2e75a0de6b7e4da022a1a4de7ee5306b5fcc0a4d
  specs:
    ebrc-ebrc_yum_repo (0.1.0)
      puppetlabs-stdlib (>= 1.0.0)

GIT
  remote: https://github.com/EuPathDB/puppet-irods.git
  ref: irods4.1
  sha: 1080308dff67d8316aa4cfde7f37ffc8ff10a8fc
  specs:
    ebrc-irods (0.1.0)
      puppetlabs-stdlib (>= 1.0.0)

PATH
  remote: ./src/profiles
  specs:
    local-profiles (0.0.0)
      crayfishx-firewalld (>= 0)
      ebrc-ebrc_yum_repo (>= 0)
      ebrc-irods (>= 0)
      puppetlabs-postgresql (>= 0)

DEPENDENCIES
  OpenConceptConsulting-nslcd (>= 0)
  crayfishx-firewalld (>= 0)
  ebrc-ebrc_java (>= 0)
  ebrc-ebrc_maven (>= 0)
  ebrc-ebrc_yum_repo (>= 0)
  ebrc-irods (>= 0)
  jlambert121-trusted_ca (>= 0)
  local-profiles (>= 0)
  mthibaut-users (>= 0)
  puppetlabs-java_ks (>= 0)
  puppetlabs-postgresql (>= 0)
  puppetlabs-stdlib (>= 0)
  stahnma-epel (>= 0)

